// !$*UTF8*$!
{
	archiveVersion = 1;
	classes = {
	};
	objectVersion = 46;
	objects = {

/* Begin PBXBuildFile section */
		022E166C6E3C4434AA03BB16 /* libPods.a in Frameworks */ = {isa = PBXBuildFile; fileRef = 6546F8B53C4C47ACBDB40C29 /* libPods.a */; };
		950C489B18E8F05300F8CDCD /* TWTweetDetailViewController.m in Sources */ = {isa = PBXBuildFile; fileRef = 950C489918E8F05300F8CDCD /* TWTweetDetailViewController.m */; };
		950C489C18E8F05300F8CDCD /* TWTweetDetailViewController.xib in Resources */ = {isa = PBXBuildFile; fileRef = 950C489A18E8F05300F8CDCD /* TWTweetDetailViewController.xib */; };
		950C48A018E8FEB600F8CDCD /* TWTweetComposeViewController.m in Sources */ = {isa = PBXBuildFile; fileRef = 950C489E18E8FEB600F8CDCD /* TWTweetComposeViewController.m */; };
		950C48A118E8FEB600F8CDCD /* TWTweetComposeViewController.xib in Resources */ = {isa = PBXBuildFile; fileRef = 950C489F18E8FEB600F8CDCD /* TWTweetComposeViewController.xib */; };
		953C623F18EB068A00E8B743 /* TWTweetContainer.m in Sources */ = {isa = PBXBuildFile; fileRef = 953C623E18EB068A00E8B743 /* TWTweetContainer.m */; };
		953C625018ED297D00E8B743 /* TWProfileViewController.m in Sources */ = {isa = PBXBuildFile; fileRef = 953C624E18ED297D00E8B743 /* TWProfileViewController.m */; };
		953C625118ED297D00E8B743 /* TWProfileViewController.xib in Resources */ = {isa = PBXBuildFile; fileRef = 953C624F18ED297D00E8B743 /* TWProfileViewController.xib */; };
		95868D2518E73F38001778E4 /* TWLandingViewController.m in Sources */ = {isa = PBXBuildFile; fileRef = 95868D2318E73F38001778E4 /* TWLandingViewController.m */; };
		95868D2618E73F38001778E4 /* TWLandingViewController.xib in Resources */ = {isa = PBXBuildFile; fileRef = 95868D2418E73F38001778E4 /* TWLandingViewController.xib */; };
		95868D2A18E73FC5001778E4 /* TWTimelineTableViewController.m in Sources */ = {isa = PBXBuildFile; fileRef = 95868D2818E73FC5001778E4 /* TWTimelineTableViewController.m */; };
		95868D2B18E73FC5001778E4 /* TWTimelineTableViewController.xib in Resources */ = {isa = PBXBuildFile; fileRef = 95868D2918E73FC5001778E4 /* TWTimelineTableViewController.xib */; };
		95868D2E18E74062001778E4 /* TWAPIClient.m in Sources */ = {isa = PBXBuildFile; fileRef = 95868D2D18E74062001778E4 /* TWAPIClient.m */; };
		95868D3118E749E6001778E4 /* TWTweet.m in Sources */ = {isa = PBXBuildFile; fileRef = 95868D3018E749E6001778E4 /* TWTweet.m */; };
		95868D3A18E78116001778E4 /* Media.xcassets in Resources */ = {isa = PBXBuildFile; fileRef = 95868D3918E78116001778E4 /* Media.xcassets */; };
		95868D3E18E784BE001778E4 /* TWTweetCell.xib in Resources */ = {isa = PBXBuildFile; fileRef = 95868D3B18E784BE001778E4 /* TWTweetCell.xib */; };
		95868D3F18E784BE001778E4 /* TWTweetCell.m in Sources */ = {isa = PBXBuildFile; fileRef = 95868D3D18E784BE001778E4 /* TWTweetCell.m */; };
		95868D4218E788F7001778E4 /* TWUser.m in Sources */ = {isa = PBXBuildFile; fileRef = 95868D4118E788F7001778E4 /* TWUser.m */; };
		95868D4418E7918E001778E4 /* Reveal.framework in Frameworks */ = {isa = PBXBuildFile; fileRef = 95868D4318E7918E001778E4 /* Reveal.framework */; };
		95CC40AC18E3CE27001D1812 /* Foundation.framework in Frameworks */ = {isa = PBXBuildFile; fileRef = 95CC40AB18E3CE27001D1812 /* Foundation.framework */; };
		95CC40AE18E3CE27001D1812 /* CoreGraphics.framework in Frameworks */ = {isa = PBXBuildFile; fileRef = 95CC40AD18E3CE27001D1812 /* CoreGraphics.framework */; };
		95CC40B018E3CE27001D1812 /* UIKit.framework in Frameworks */ = {isa = PBXBuildFile; fileRef = 95CC40AF18E3CE27001D1812 /* UIKit.framework */; };
		95CC40B618E3CE27001D1812 /* InfoPlist.strings in Resources */ = {isa = PBXBuildFile; fileRef = 95CC40B418E3CE27001D1812 /* InfoPlist.strings */; };
		95CC40B818E3CE27001D1812 /* main.m in Sources */ = {isa = PBXBuildFile; fileRef = 95CC40B718E3CE27001D1812 /* main.m */; };
		95CC40BC18E3CE27001D1812 /* TWAppDelegate.m in Sources */ = {isa = PBXBuildFile; fileRef = 95CC40BB18E3CE27001D1812 /* TWAppDelegate.m */; };
		95CC40BE18E3CE27001D1812 /* Images.xcassets in Resources */ = {isa = PBXBuildFile; fileRef = 95CC40BD18E3CE27001D1812 /* Images.xcassets */; };
		95CC40C518E3CE27001D1812 /* XCTest.framework in Frameworks */ = {isa = PBXBuildFile; fileRef = 95CC40C418E3CE27001D1812 /* XCTest.framework */; };
		95CC40C618E3CE27001D1812 /* Foundation.framework in Frameworks */ = {isa = PBXBuildFile; fileRef = 95CC40AB18E3CE27001D1812 /* Foundation.framework */; };
		95CC40C718E3CE27001D1812 /* UIKit.framework in Frameworks */ = {isa = PBXBuildFile; fileRef = 95CC40AF18E3CE27001D1812 /* UIKit.framework */; };
		95CC40CF18E3CE27001D1812 /* InfoPlist.strings in Resources */ = {isa = PBXBuildFile; fileRef = 95CC40CD18E3CE27001D1812 /* InfoPlist.strings */; };
		95CC40D118E3CE27001D1812 /* TwitterClientTests.m in Sources */ = {isa = PBXBuildFile; fileRef = 95CC40D018E3CE27001D1812 /* TwitterClientTests.m */; };
/* End PBXBuildFile section */

/* Begin PBXContainerItemProxy section */
		95CC40C818E3CE27001D1812 /* PBXContainerItemProxy */ = {
			isa = PBXContainerItemProxy;
			containerPortal = 95CC40A018E3CE27001D1812 /* Project object */;
			proxyType = 1;
			remoteGlobalIDString = 95CC40A718E3CE27001D1812;
			remoteInfo = TwitterClient;
		};
/* End PBXContainerItemProxy section */

/* Begin PBXFileReference section */
		6546F8B53C4C47ACBDB40C29 /* libPods.a */ = {isa = PBXFileReference; explicitFileType = archive.ar; includeInIndex = 0; path = libPods.a; sourceTree = BUILT_PRODUCTS_DIR; };
		8B982B65F4DA46DF86198E81 /* Pods.xcconfig */ = {isa = PBXFileReference; includeInIndex = 1; lastKnownFileType = text.xcconfig; name = Pods.xcconfig; path = Pods/Pods.xcconfig; sourceTree = "<group>"; };
		950C489818E8F05300F8CDCD /* TWTweetDetailViewController.h */ = {isa = PBXFileReference; fileEncoding = 4; lastKnownFileType = sourcecode.c.h; name = TWTweetDetailViewController.h; path = controllers/TWTweetDetailViewController.h; sourceTree = "<group>"; };
		950C489918E8F05300F8CDCD /* TWTweetDetailViewController.m */ = {isa = PBXFileReference; fileEncoding = 4; lastKnownFileType = sourcecode.c.objc; name = TWTweetDetailViewController.m; path = controllers/TWTweetDetailViewController.m; sourceTree = "<group>"; };
		950C489A18E8F05300F8CDCD /* TWTweetDetailViewController.xib */ = {isa = PBXFileReference; fileEncoding = 4; lastKnownFileType = file.xib; name = TWTweetDetailViewController.xib; path = controllers/TWTweetDetailViewController.xib; sourceTree = "<group>"; };
		950C489D18E8FEB600F8CDCD /* TWTweetComposeViewController.h */ = {isa = PBXFileReference; fileEncoding = 4; lastKnownFileType = sourcecode.c.h; name = TWTweetComposeViewController.h; path = controllers/TWTweetComposeViewController.h; sourceTree = "<group>"; };
		950C489E18E8FEB600F8CDCD /* TWTweetComposeViewController.m */ = {isa = PBXFileReference; fileEncoding = 4; lastKnownFileType = sourcecode.c.objc; name = TWTweetComposeViewController.m; path = controllers/TWTweetComposeViewController.m; sourceTree = "<group>"; };
		950C489F18E8FEB600F8CDCD /* TWTweetComposeViewController.xib */ = {isa = PBXFileReference; fileEncoding = 4; lastKnownFileType = file.xib; name = TWTweetComposeViewController.xib; path = controllers/TWTweetComposeViewController.xib; sourceTree = "<group>"; };
		953C623D18EB068A00E8B743 /* TWTweetContainer.h */ = {isa = PBXFileReference; fileEncoding = 4; lastKnownFileType = sourcecode.c.h; name = TWTweetContainer.h; path = models/TWTweetContainer.h; sourceTree = "<group>"; };
		953C623E18EB068A00E8B743 /* TWTweetContainer.m */ = {isa = PBXFileReference; fileEncoding = 4; lastKnownFileType = sourcecode.c.objc; name = TWTweetContainer.m; path = models/TWTweetContainer.m; sourceTree = "<group>"; };
		953C624D18ED297D00E8B743 /* TWProfileViewController.h */ = {isa = PBXFileReference; fileEncoding = 4; lastKnownFileType = sourcecode.c.h; name = TWProfileViewController.h; path = controllers/TWProfileViewController.h; sourceTree = "<group>"; };
		953C624E18ED297D00E8B743 /* TWProfileViewController.m */ = {isa = PBXFileReference; fileEncoding = 4; lastKnownFileType = sourcecode.c.objc; name = TWProfileViewController.m; path = controllers/TWProfileViewController.m; sourceTree = "<group>"; };
		953C624F18ED297D00E8B743 /* TWProfileViewController.xib */ = {isa = PBXFileReference; fileEncoding = 4; lastKnownFileType = file.xib; name = TWProfileViewController.xib; path = controllers/TWProfileViewController.xib; sourceTree = "<group>"; };
		95868D2218E73F38001778E4 /* TWLandingViewController.h */ = {isa = PBXFileReference; fileEncoding = 4; lastKnownFileType = sourcecode.c.h; name = TWLandingViewController.h; path = controllers/TWLandingViewController.h; sourceTree = "<group>"; };
		95868D2318E73F38001778E4 /* TWLandingViewController.m */ = {isa = PBXFileReference; fileEncoding = 4; lastKnownFileType = sourcecode.c.objc; name = TWLandingViewController.m; path = controllers/TWLandingViewController.m; sourceTree = "<group>"; };
		95868D2418E73F38001778E4 /* TWLandingViewController.xib */ = {isa = PBXFileReference; fileEncoding = 4; lastKnownFileType = file.xib; name = TWLandingViewController.xib; path = controllers/TWLandingViewController.xib; sourceTree = "<group>"; };
		95868D2718E73FC5001778E4 /* TWTimelineTableViewController.h */ = {isa = PBXFileReference; fileEncoding = 4; lastKnownFileType = sourcecode.c.h; name = TWTimelineTableViewController.h; path = controllers/TWTimelineTableViewController.h; sourceTree = "<group>"; };
		95868D2818E73FC5001778E4 /* TWTimelineTableViewController.m */ = {isa = PBXFileReference; fileEncoding = 4; lastKnownFileType = sourcecode.c.objc; name = TWTimelineTableViewController.m; path = controllers/TWTimelineTableViewController.m; sourceTree = "<group>"; };
		95868D2918E73FC5001778E4 /* TWTimelineTableViewController.xib */ = {isa = PBXFileReference; fileEncoding = 4; lastKnownFileType = file.xib; name = TWTimelineTableViewController.xib; path = controllers/TWTimelineTableViewController.xib; sourceTree = "<group>"; };
		95868D2C18E74062001778E4 /* TWAPIClient.h */ = {isa = PBXFileReference; fileEncoding = 4; lastKnownFileType = sourcecode.c.h; name = TWAPIClient.h; path = clients/TWAPIClient.h; sourceTree = "<group>"; };
		95868D2D18E74062001778E4 /* TWAPIClient.m */ = {isa = PBXFileReference; fileEncoding = 4; lastKnownFileType = sourcecode.c.objc; name = TWAPIClient.m; path = clients/TWAPIClient.m; sourceTree = "<group>"; };
		95868D2F18E749E6001778E4 /* TWTweet.h */ = {isa = PBXFileReference; fileEncoding = 4; lastKnownFileType = sourcecode.c.h; name = TWTweet.h; path = models/TWTweet.h; sourceTree = "<group>"; };
		95868D3018E749E6001778E4 /* TWTweet.m */ = {isa = PBXFileReference; fileEncoding = 4; lastKnownFileType = sourcecode.c.objc; name = TWTweet.m; path = models/TWTweet.m; sourceTree = "<group>"; };
		95868D3918E78116001778E4 /* Media.xcassets */ = {isa = PBXFileReference; lastKnownFileType = folder.assetcatalog; path = Media.xcassets; sourceTree = "<group>"; };
		95868D3B18E784BE001778E4 /* TWTweetCell.xib */ = {isa = PBXFileReference; fileEncoding = 4; lastKnownFileType = file.xib; name = TWTweetCell.xib; path = views/TWTweetCell.xib; sourceTree = "<group>"; };
		95868D3C18E784BE001778E4 /* TWTweetCell.h */ = {isa = PBXFileReference; fileEncoding = 4; lastKnownFileType = sourcecode.c.h; name = TWTweetCell.h; path = views/TWTweetCell.h; sourceTree = "<group>"; };
		95868D3D18E784BE001778E4 /* TWTweetCell.m */ = {isa = PBXFileReference; fileEncoding = 4; lastKnownFileType = sourcecode.c.objc; name = TWTweetCell.m; path = views/TWTweetCell.m; sourceTree = "<group>"; };
		95868D4018E788F7001778E4 /* TWUser.h */ = {isa = PBXFileReference; fileEncoding = 4; lastKnownFileType = sourcecode.c.h; name = TWUser.h; path = models/TWUser.h; sourceTree = "<group>"; };
		95868D4118E788F7001778E4 /* TWUser.m */ = {isa = PBXFileReference; fileEncoding = 4; lastKnownFileType = sourcecode.c.objc; name = TWUser.m; path = models/TWUser.m; sourceTree = "<group>"; };
		95868D4318E7918E001778E4 /* Reveal.framework */ = {isa = PBXFileReference; lastKnownFileType = wrapper.framework; path = Reveal.framework; sourceTree = "<group>"; };
		95CC40A818E3CE27001D1812 /* TwitterClient.app */ = {isa = PBXFileReference; explicitFileType = wrapper.application; includeInIndex = 0; path = TwitterClient.app; sourceTree = BUILT_PRODUCTS_DIR; };
		95CC40AB18E3CE27001D1812 /* Foundation.framework */ = {isa = PBXFileReference; lastKnownFileType = wrapper.framework; name = Foundation.framework; path = System/Library/Frameworks/Foundation.framework; sourceTree = SDKROOT; };
		95CC40AD18E3CE27001D1812 /* CoreGraphics.framework */ = {isa = PBXFileReference; lastKnownFileType = wrapper.framework; name = CoreGraphics.framework; path = System/Library/Frameworks/CoreGraphics.framework; sourceTree = SDKROOT; };
		95CC40AF18E3CE27001D1812 /* UIKit.framework */ = {isa = PBXFileReference; lastKnownFileType = wrapper.framework; name = UIKit.framework; path = System/Library/Frameworks/UIKit.framework; sourceTree = SDKROOT; };
		95CC40B318E3CE27001D1812 /* TwitterClient-Info.plist */ = {isa = PBXFileReference; lastKnownFileType = text.plist.xml; path = "TwitterClient-Info.plist"; sourceTree = "<group>"; };
		95CC40B518E3CE27001D1812 /* en */ = {isa = PBXFileReference; lastKnownFileType = text.plist.strings; name = en; path = en.lproj/InfoPlist.strings; sourceTree = "<group>"; };
		95CC40B718E3CE27001D1812 /* main.m */ = {isa = PBXFileReference; lastKnownFileType = sourcecode.c.objc; path = main.m; sourceTree = "<group>"; };
		95CC40B918E3CE27001D1812 /* TwitterClient-Prefix.pch */ = {isa = PBXFileReference; lastKnownFileType = sourcecode.c.h; path = "TwitterClient-Prefix.pch"; sourceTree = "<group>"; };
		95CC40BA18E3CE27001D1812 /* TWAppDelegate.h */ = {isa = PBXFileReference; lastKnownFileType = sourcecode.c.h; path = TWAppDelegate.h; sourceTree = "<group>"; };
		95CC40BB18E3CE27001D1812 /* TWAppDelegate.m */ = {isa = PBXFileReference; lastKnownFileType = sourcecode.c.objc; path = TWAppDelegate.m; sourceTree = "<group>"; };
		95CC40BD18E3CE27001D1812 /* Images.xcassets */ = {isa = PBXFileReference; lastKnownFileType = folder.assetcatalog; path = Images.xcassets; sourceTree = "<group>"; };
		95CC40C318E3CE27001D1812 /* TwitterClientTests.xctest */ = {isa = PBXFileReference; explicitFileType = wrapper.cfbundle; includeInIndex = 0; path = TwitterClientTests.xctest; sourceTree = BUILT_PRODUCTS_DIR; };
		95CC40C418E3CE27001D1812 /* XCTest.framework */ = {isa = PBXFileReference; lastKnownFileType = wrapper.framework; name = XCTest.framework; path = Library/Frameworks/XCTest.framework; sourceTree = DEVELOPER_DIR; };
		95CC40CC18E3CE27001D1812 /* TwitterClientTests-Info.plist */ = {isa = PBXFileReference; lastKnownFileType = text.plist.xml; path = "TwitterClientTests-Info.plist"; sourceTree = "<group>"; };
		95CC40CE18E3CE27001D1812 /* en */ = {isa = PBXFileReference; lastKnownFileType = text.plist.strings; name = en; path = en.lproj/InfoPlist.strings; sourceTree = "<group>"; };
		95CC40D018E3CE27001D1812 /* TwitterClientTests.m */ = {isa = PBXFileReference; lastKnownFileType = sourcecode.c.objc; path = TwitterClientTests.m; sourceTree = "<group>"; };
/* End PBXFileReference section */

/* Begin PBXFrameworksBuildPhase section */
		95CC40A518E3CE27001D1812 /* Frameworks */ = {
			isa = PBXFrameworksBuildPhase;
			buildActionMask = 2147483647;
			files = (
				95CC40AE18E3CE27001D1812 /* CoreGraphics.framework in Frameworks */,
				95CC40B018E3CE27001D1812 /* UIKit.framework in Frameworks */,
				95868D4418E7918E001778E4 /* Reveal.framework in Frameworks */,
				95CC40AC18E3CE27001D1812 /* Foundation.framework in Frameworks */,
				022E166C6E3C4434AA03BB16 /* libPods.a in Frameworks */,
			);
			runOnlyForDeploymentPostprocessing = 0;
		};
		95CC40C018E3CE27001D1812 /* Frameworks */ = {
			isa = PBXFrameworksBuildPhase;
			buildActionMask = 2147483647;
			files = (
				95CC40C518E3CE27001D1812 /* XCTest.framework in Frameworks */,
				95CC40C718E3CE27001D1812 /* UIKit.framework in Frameworks */,
				95CC40C618E3CE27001D1812 /* Foundation.framework in Frameworks */,
			);
			runOnlyForDeploymentPostprocessing = 0;
		};
/* End PBXFrameworksBuildPhase section */

/* Begin PBXGroup section */
		95868D1E18E73E5D001778E4 /* clients */ = {
			isa = PBXGroup;
			children = (
				95868D2C18E74062001778E4 /* TWAPIClient.h */,
				95868D2D18E74062001778E4 /* TWAPIClient.m */,
			);
			name = clients;
			sourceTree = "<group>";
		};
		95868D1F18E73EAD001778E4 /* views */ = {
			isa = PBXGroup;
			children = (
				95868D3B18E784BE001778E4 /* TWTweetCell.xib */,
				95868D3C18E784BE001778E4 /* TWTweetCell.h */,
				95868D3D18E784BE001778E4 /* TWTweetCell.m */,
			);
			name = views;
			sourceTree = "<group>";
		};
		95868D2018E73EBC001778E4 /* controllers */ = {
			isa = PBXGroup;
			children = (
				95868D2218E73F38001778E4 /* TWLandingViewController.h */,
				95868D2318E73F38001778E4 /* TWLandingViewController.m */,
				95868D2418E73F38001778E4 /* TWLandingViewController.xib */,
				95868D2718E73FC5001778E4 /* TWTimelineTableViewController.h */,
				95868D2818E73FC5001778E4 /* TWTimelineTableViewController.m */,
				95868D2918E73FC5001778E4 /* TWTimelineTableViewController.xib */,
				950C489818E8F05300F8CDCD /* TWTweetDetailViewController.h */,
				950C489918E8F05300F8CDCD /* TWTweetDetailViewController.m */,
				950C489A18E8F05300F8CDCD /* TWTweetDetailViewController.xib */,
				950C489D18E8FEB600F8CDCD /* TWTweetComposeViewController.h */,
				950C489E18E8FEB600F8CDCD /* TWTweetComposeViewController.m */,
				950C489F18E8FEB600F8CDCD /* TWTweetComposeViewController.xib */,
				953C624D18ED297D00E8B743 /* TWProfileViewController.h */,
				953C624E18ED297D00E8B743 /* TWProfileViewController.m */,
				953C624F18ED297D00E8B743 /* TWProfileViewController.xib */,
			);
			name = controllers;
			sourceTree = "<group>";
		};
		95868D2118E73EC3001778E4 /* models */ = {
			isa = PBXGroup;
			children = (
				95868D2F18E749E6001778E4 /* TWTweet.h */,
				95868D3018E749E6001778E4 /* TWTweet.m */,
				95868D4018E788F7001778E4 /* TWUser.h */,
				95868D4118E788F7001778E4 /* TWUser.m */,
				953C623D18EB068A00E8B743 /* TWTweetContainer.h */,
				953C623E18EB068A00E8B743 /* TWTweetContainer.m */,
			);
			name = models;
			sourceTree = "<group>";
		};
		95CC409F18E3CE27001D1812 = {
			isa = PBXGroup;
			children = (
				95CC40B118E3CE27001D1812 /* TwitterClient */,
				95CC40CA18E3CE27001D1812 /* TwitterClientTests */,
				95CC40AA18E3CE27001D1812 /* Frameworks */,
				95CC40A918E3CE27001D1812 /* Products */,
				8B982B65F4DA46DF86198E81 /* Pods.xcconfig */,
			);
			sourceTree = "<group>";
		};
		95CC40A918E3CE27001D1812 /* Products */ = {
			isa = PBXGroup;
			children = (
				95CC40A818E3CE27001D1812 /* TwitterClient.app */,
				95CC40C318E3CE27001D1812 /* TwitterClientTests.xctest */,
			);
			name = Products;
			sourceTree = "<group>";
		};
		95CC40AA18E3CE27001D1812 /* Frameworks */ = {
			isa = PBXGroup;
			children = (
				95868D4318E7918E001778E4 /* Reveal.framework */,
				95CC40AB18E3CE27001D1812 /* Foundation.framework */,
				95CC40AD18E3CE27001D1812 /* CoreGraphics.framework */,
				95CC40AF18E3CE27001D1812 /* UIKit.framework */,
				95CC40C418E3CE27001D1812 /* XCTest.framework */,
				6546F8B53C4C47ACBDB40C29 /* libPods.a */,
			);
			name = Frameworks;
			sourceTree = "<group>";
		};
		95CC40B118E3CE27001D1812 /* TwitterClient */ = {
			isa = PBXGroup;
			children = (
				95868D2118E73EC3001778E4 /* models */,
				95868D2018E73EBC001778E4 /* controllers */,
				95868D1F18E73EAD001778E4 /* views */,
				95868D1E18E73E5D001778E4 /* clients */,
				95CC40BA18E3CE27001D1812 /* TWAppDelegate.h */,
				95CC40BB18E3CE27001D1812 /* TWAppDelegate.m */,
				95CC40BD18E3CE27001D1812 /* Images.xcassets */,
				95CC40B218E3CE27001D1812 /* Supporting Files */,
			);
			path = TwitterClient;
			sourceTree = "<group>";
		};
		95CC40B218E3CE27001D1812 /* Supporting Files */ = {
			isa = PBXGroup;
			children = (
				95CC40B318E3CE27001D1812 /* TwitterClient-Info.plist */,
				95CC40B418E3CE27001D1812 /* InfoPlist.strings */,
				95CC40B718E3CE27001D1812 /* main.m */,
				95CC40B918E3CE27001D1812 /* TwitterClient-Prefix.pch */,
				95868D3918E78116001778E4 /* Media.xcassets */,
			);
			name = "Supporting Files";
			sourceTree = "<group>";
		};
		95CC40CA18E3CE27001D1812 /* TwitterClientTests */ = {
			isa = PBXGroup;
			children = (
				95CC40D018E3CE27001D1812 /* TwitterClientTests.m */,
				95CC40CB18E3CE27001D1812 /* Supporting Files */,
			);
			path = TwitterClientTests;
			sourceTree = "<group>";
		};
		95CC40CB18E3CE27001D1812 /* Supporting Files */ = {
			isa = PBXGroup;
			children = (
				95CC40CC18E3CE27001D1812 /* TwitterClientTests-Info.plist */,
				95CC40CD18E3CE27001D1812 /* InfoPlist.strings */,
			);
			name = "Supporting Files";
			sourceTree = "<group>";
		};
/* End PBXGroup section */

/* Begin PBXNativeTarget section */
		95CC40A718E3CE27001D1812 /* TwitterClient */ = {
			isa = PBXNativeTarget;
			buildConfigurationList = 95CC40D418E3CE27001D1812 /* Build configuration list for PBXNativeTarget "TwitterClient" */;
			buildPhases = (
				E0FEB29D6693468BB44C3EED /* Check Pods Manifest.lock */,
				95CC40A418E3CE27001D1812 /* Sources */,
				95CC40A518E3CE27001D1812 /* Frameworks */,
				95CC40A618E3CE27001D1812 /* Resources */,
				AD8F5294D52F4675ADD6F932 /* Copy Pods Resources */,
			);
			buildRules = (
			);
			dependencies = (
			);
			name = TwitterClient;
			productName = TwitterClient;
			productReference = 95CC40A818E3CE27001D1812 /* TwitterClient.app */;
			productType = "com.apple.product-type.application";
		};
		95CC40C218E3CE27001D1812 /* TwitterClientTests */ = {
			isa = PBXNativeTarget;
			buildConfigurationList = 95CC40D718E3CE27001D1812 /* Build configuration list for PBXNativeTarget "TwitterClientTests" */;
			buildPhases = (
				95CC40BF18E3CE27001D1812 /* Sources */,
				95CC40C018E3CE27001D1812 /* Frameworks */,
				95CC40C118E3CE27001D1812 /* Resources */,
			);
			buildRules = (
			);
			dependencies = (
				95CC40C918E3CE27001D1812 /* PBXTargetDependency */,
			);
			name = TwitterClientTests;
			productName = TwitterClientTests;
			productReference = 95CC40C318E3CE27001D1812 /* TwitterClientTests.xctest */;
			productType = "com.apple.product-type.bundle.unit-test";
		};
/* End PBXNativeTarget section */

/* Begin PBXProject section */
		95CC40A018E3CE27001D1812 /* Project object */ = {
			isa = PBXProject;
			attributes = {
				CLASSPREFIX = TW;
				LastUpgradeCheck = 0510;
				ORGANIZATIONNAME = "Chris Ahlering";
				TargetAttributes = {
					95CC40C218E3CE27001D1812 = {
						TestTargetID = 95CC40A718E3CE27001D1812;
					};
				};
			};
			buildConfigurationList = 95CC40A318E3CE27001D1812 /* Build configuration list for PBXProject "TwitterClient" */;
			compatibilityVersion = "Xcode 3.2";
			developmentRegion = English;
			hasScannedForEncodings = 0;
			knownRegions = (
				en,
			);
			mainGroup = 95CC409F18E3CE27001D1812;
			productRefGroup = 95CC40A918E3CE27001D1812 /* Products */;
			projectDirPath = "";
			projectRoot = "";
			targets = (
				95CC40A718E3CE27001D1812 /* TwitterClient */,
				95CC40C218E3CE27001D1812 /* TwitterClientTests */,
			);
		};
/* End PBXProject section */

/* Begin PBXResourcesBuildPhase section */
		95CC40A618E3CE27001D1812 /* Resources */ = {
			isa = PBXResourcesBuildPhase;
			buildActionMask = 2147483647;
			files = (
				950C489C18E8F05300F8CDCD /* TWTweetDetailViewController.xib in Resources */,
				95CC40B618E3CE27001D1812 /* InfoPlist.strings in Resources */,
				95868D2B18E73FC5001778E4 /* TWTimelineTableViewController.xib in Resources */,
				953C625118ED297D00E8B743 /* TWProfileViewController.xib in Resources */,
				95868D3E18E784BE001778E4 /* TWTweetCell.xib in Resources */,
				950C48A118E8FEB600F8CDCD /* TWTweetComposeViewController.xib in Resources */,
				95868D2618E73F38001778E4 /* TWLandingViewController.xib in Resources */,
				95868D3A18E78116001778E4 /* Media.xcassets in Resources */,
				95CC40BE18E3CE27001D1812 /* Images.xcassets in Resources */,
			);
			runOnlyForDeploymentPostprocessing = 0;
		};
		95CC40C118E3CE27001D1812 /* Resources */ = {
			isa = PBXResourcesBuildPhase;
			buildActionMask = 2147483647;
			files = (
				95CC40CF18E3CE27001D1812 /* InfoPlist.strings in Resources */,
			);
			runOnlyForDeploymentPostprocessing = 0;
		};
/* End PBXResourcesBuildPhase section */

/* Begin PBXShellScriptBuildPhase section */
		AD8F5294D52F4675ADD6F932 /* Copy Pods Resources */ = {
			isa = PBXShellScriptBuildPhase;
			buildActionMask = 2147483647;
			files = (
			);
			inputPaths = (
			);
			name = "Copy Pods Resources";
			outputPaths = (
			);
			runOnlyForDeploymentPostprocessing = 0;
			shellPath = /bin/sh;
			shellScript = "\"${SRCROOT}/Pods/Pods-resources.sh\"\n";
			showEnvVarsInLog = 0;
		};
		E0FEB29D6693468BB44C3EED /* Check Pods Manifest.lock */ = {
			isa = PBXShellScriptBuildPhase;
			buildActionMask = 2147483647;
			files = (
			);
			inputPaths = (
			);
			name = "Check Pods Manifest.lock";
			outputPaths = (
			);
			runOnlyForDeploymentPostprocessing = 0;
			shellPath = /bin/sh;
			shellScript = "diff \"${PODS_ROOT}/../Podfile.lock\" \"${PODS_ROOT}/Manifest.lock\" > /dev/null\nif [[ $? != 0 ]] ; then\n    cat << EOM\nerror: The sandbox is not in sync with the Podfile.lock. Run 'pod install' or update your CocoaPods installation.\nEOM\n    exit 1\nfi\n";
			showEnvVarsInLog = 0;
		};
/* End PBXShellScriptBuildPhase section */

/* Begin PBXSourcesBuildPhase section */
		95CC40A418E3CE27001D1812 /* Sources */ = {
			isa = PBXSourcesBuildPhase;
			buildActionMask = 2147483647;
			files = (
				953C623F18EB068A00E8B743 /* TWTweetContainer.m in Sources */,
				95CC40B818E3CE27001D1812 /* main.m in Sources */,
				95868D2518E73F38001778E4 /* TWLandingViewController.m in Sources */,
				953C625018ED297D00E8B743 /* TWProfileViewController.m in Sources */,
				95CC40BC18E3CE27001D1812 /* TWAppDelegate.m in Sources */,
				95868D3F18E784BE001778E4 /* TWTweetCell.m in Sources */,
				95868D2A18E73FC5001778E4 /* TWTimelineTableViewController.m in Sources */,
				95868D4218E788F7001778E4 /* TWUser.m in Sources */,
				950C489B18E8F05300F8CDCD /* TWTweetDetailViewController.m in Sources */,
				95868D3118E749E6001778E4 /* TWTweet.m in Sources */,
				950C48A018E8FEB600F8CDCD /* TWTweetComposeViewController.m in Sources */,
				95868D2E18E74062001778E4 /* TWAPIClient.m in Sources */,
			);
			runOnlyForDeploymentPostprocessing = 0;
		};
		95CC40BF18E3CE27001D1812 /* Sources */ = {
			isa = PBXSourcesBuildPhase;
			buildActionMask = 2147483647;
			files = (
				95CC40D118E3CE27001D1812 /* TwitterClientTests.m in Sources */,
			);
			runOnlyForDeploymentPostprocessing = 0;
		};
/* End PBXSourcesBuildPhase section */

/* Begin PBXTargetDependency section */
		95CC40C918E3CE27001D1812 /* PBXTargetDependency */ = {
			isa = PBXTargetDependency;
			target = 95CC40A718E3CE27001D1812 /* TwitterClient */;
			targetProxy = 95CC40C818E3CE27001D1812 /* PBXContainerItemProxy */;
		};
/* End PBXTargetDependency section */

/* Begin PBXVariantGroup section */
		95CC40B418E3CE27001D1812 /* InfoPlist.strings */ = {
			isa = PBXVariantGroup;
			children = (
				95CC40B518E3CE27001D1812 /* en */,
			);
			name = InfoPlist.strings;
			sourceTree = "<group>";
		};
		95CC40CD18E3CE27001D1812 /* InfoPlist.strings */ = {
			isa = PBXVariantGroup;
			children = (
				95CC40CE18E3CE27001D1812 /* en */,
			);
			name = InfoPlist.strings;
			sourceTree = "<group>";
		};
/* End PBXVariantGroup section */

/* Begin XCBuildConfiguration section */
		95CC40D218E3CE27001D1812 /* Debug */ = {
			isa = XCBuildConfiguration;
			buildSettings = {
				ALWAYS_SEARCH_USER_PATHS = NO;
				CLANG_CXX_LANGUAGE_STANDARD = "gnu++0x";
				CLANG_CXX_LIBRARY = "libc++";
				CLANG_ENABLE_MODULES = YES;
				CLANG_ENABLE_OBJC_ARC = YES;
				CLANG_WARN_BOOL_CONVERSION = YES;
				CLANG_WARN_CONSTANT_CONVERSION = YES;
				CLANG_WARN_DIRECT_OBJC_ISA_USAGE = YES_ERROR;
				CLANG_WARN_EMPTY_BODY = YES;
				CLANG_WARN_ENUM_CONVERSION = YES;
				CLANG_WARN_INT_CONVERSION = YES;
				CLANG_WARN_OBJC_ROOT_CLASS = YES_ERROR;
				CLANG_WARN__DUPLICATE_METHOD_MATCH = YES;
				"CODE_SIGN_IDENTITY[sdk=iphoneos*]" = "iPhone Developer";
				COPY_PHASE_STRIP = NO;
				GCC_C_LANGUAGE_STANDARD = gnu99;
				GCC_DYNAMIC_NO_PIC = NO;
				GCC_OPTIMIZATION_LEVEL = 0;
				GCC_PREPROCESSOR_DEFINITIONS = (
					"DEBUG=1",
					"$(inherited)",
				);
				GCC_SYMBOLS_PRIVATE_EXTERN = NO;
				GCC_WARN_64_TO_32_BIT_CONVERSION = YES;
				GCC_WARN_ABOUT_RETURN_TYPE = YES_ERROR;
				GCC_WARN_UNDECLARED_SELECTOR = YES;
				GCC_WARN_UNINITIALIZED_AUTOS = YES_AGGRESSIVE;
				GCC_WARN_UNUSED_FUNCTION = YES;
				GCC_WARN_UNUSED_VARIABLE = YES;
				IPHONEOS_DEPLOYMENT_TARGET = 7.1;
				ONLY_ACTIVE_ARCH = YES;
				SDKROOT = iphoneos;
			};
			name = Debug;
		};
		95CC40D318E3CE27001D1812 /* Release */ = {
			isa = XCBuildConfiguration;
			buildSettings = {
				ALWAYS_SEARCH_USER_PATHS = NO;
				CLANG_CXX_LANGUAGE_STANDARD = "gnu++0x";
				CLANG_CXX_LIBRARY = "libc++";
				CLANG_ENABLE_MODULES = YES;
				CLANG_ENABLE_OBJC_ARC = YES;
				CLANG_WARN_BOOL_CONVERSION = YES;
				CLANG_WARN_CONSTANT_CONVERSION = YES;
				CLANG_WARN_DIRECT_OBJC_ISA_USAGE = YES_ERROR;
				CLANG_WARN_EMPTY_BODY = YES;
				CLANG_WARN_ENUM_CONVERSION = YES;
				CLANG_WARN_INT_CONVERSION = YES;
				CLANG_WARN_OBJC_ROOT_CLASS = YES_ERROR;
				CLANG_WARN__DUPLICATE_METHOD_MATCH = YES;
				"CODE_SIGN_IDENTITY[sdk=iphoneos*]" = "iPhone Developer";
				COPY_PHASE_STRIP = YES;
				ENABLE_NS_ASSERTIONS = NO;
				GCC_C_LANGUAGE_STANDARD = gnu99;
				GCC_WARN_64_TO_32_BIT_CONVERSION = YES;
				GCC_WARN_ABOUT_RETURN_TYPE = YES_ERROR;
				GCC_WARN_UNDECLARED_SELECTOR = YES;
				GCC_WARN_UNINITIALIZED_AUTOS = YES_AGGRESSIVE;
				GCC_WARN_UNUSED_FUNCTION = YES;
				GCC_WARN_UNUSED_VARIABLE = YES;
				IPHONEOS_DEPLOYMENT_TARGET = 7.1;
				SDKROOT = iphoneos;
				VALIDATE_PRODUCT = YES;
			};
			name = Release;
		};
		95CC40D518E3CE27001D1812 /* Debug */ = {
			isa = XCBuildConfiguration;
			baseConfigurationReference = 8B982B65F4DA46DF86198E81 /* Pods.xcconfig */;
			buildSettings = {
				ASSETCATALOG_COMPILER_APPICON_NAME = AppIcon;
				ASSETCATALOG_COMPILER_LAUNCHIMAGE_NAME = LaunchImage;
				FRAMEWORK_SEARCH_PATHS = (
					"$(inherited)",
					"$(PROJECT_DIR)",
				);
				GCC_PRECOMPILE_PREFIX_HEADER = YES;
				GCC_PREFIX_HEADER = "TwitterClient/TwitterClient-Prefix.pch";
				INFOPLIST_FILE = "TwitterClient/TwitterClient-Info.plist";
				PRODUCT_NAME = "$(TARGET_NAME)";
				WRAPPER_EXTENSION = app;
			};
			name = Debug;
		};
		95CC40D618E3CE27001D1812 /* Release */ = {
			isa = XCBuildConfiguration;
			baseConfigurationReference = 8B982B65F4DA46DF86198E81 /* Pods.xcconfig */;
			buildSettings = {
				ASSETCATALOG_COMPILER_APPICON_NAME = AppIcon;
				ASSETCATALOG_COMPILER_LAUNCHIMAGE_NAME = LaunchImage;
				FRAMEWORK_SEARCH_PATHS = (
					"$(inherited)",
					"$(PROJECT_DIR)",
				);
				GCC_PRECOMPILE_PREFIX_HEADER = YES;
				GCC_PREFIX_HEADER = "TwitterClient/TwitterClient-Prefix.pch";
				INFOPLIST_FILE = "TwitterClient/TwitterClient-Info.plist";
				PRODUCT_NAME = "$(TARGET_NAME)";
				WRAPPER_EXTENSION = app;
			};
			name = Release;
		};
		95CC40D818E3CE27001D1812 /* Debug */ = {
			isa = XCBuildConfiguration;
			buildSettings = {
				BUNDLE_LOADER = "$(BUILT_PRODUCTS_DIR)/TwitterClient.app/TwitterClient";
				FRAMEWORK_SEARCH_PATHS = (
					"$(SDKROOT)/Developer/Library/Frameworks",
					"$(inherited)",
					"$(DEVELOPER_FRAMEWORKS_DIR)",
				);
				GCC_PRECOMPILE_PREFIX_HEADER = YES;
				GCC_PREFIX_HEADER = "TwitterClient/TwitterClient-Prefix.pch";
				GCC_PREPROCESSOR_DEFINITIONS = (
					"DEBUG=1",
					"$(inherited)",
				);
				INFOPLIST_FILE = "TwitterClientTests/TwitterClientTests-Info.plist";
				PRODUCT_NAME = "$(TARGET_NAME)";
				TEST_HOST = "$(BUNDLE_LOADER)";
				WRAPPER_EXTENSION = xctest;
			};
			name = Debug;
		};
		95CC40D918E3CE27001D1812 /* Release */ = {
			isa = XCBuildConfiguration;
			buildSettings = {
				BUNDLE_LOADER = "$(BUILT_PRODUCTS_DIR)/TwitterClient.app/TwitterClient";
				FRAMEWORK_SEARCH_PATHS = (
					"$(SDKROOT)/Developer/Library/Frameworks",
					"$(inherited)",
					"$(DEVELOPER_FRAMEWORKS_DIR)",
				);
				GCC_PRECOMPILE_PREFIX_HEADER = YES;
				GCC_PREFIX_HEADER = "TwitterClient/TwitterClient-Prefix.pch";
				INFOPLIST_FILE = "TwitterClientTests/TwitterClientTests-Info.plist";
				PRODUCT_NAME = "$(TARGET_NAME)";
				TEST_HOST = "$(BUNDLE_LOADER)";
				WRAPPER_EXTENSION = xctest;
			};
			name = Release;
		};
/* End XCBuildConfiguration section */

/* Begin XCConfigurationList section */
		95CC40A318E3CE27001D1812 /* Build configuration list for PBXProject "TwitterClient" */ = {
			isa = XCConfigurationList;
			buildConfigurations = (
				95CC40D218E3CE27001D1812 /* Debug */,
				95CC40D318E3CE27001D1812 /* Release */,
			);
			defaultConfigurationIsVisible = 0;
			defaultConfigurationName = Release;
		};
		95CC40D418E3CE27001D1812 /* Build configuration list for PBXNativeTarget "TwitterClient" */ = {
			isa = XCConfigurationList;
			buildConfigurations = (
				95CC40D518E3CE27001D1812 /* Debug */,
				95CC40D618E3CE27001D1812 /* Release */,
			);
			defaultConfigurationIsVisible = 0;
			defaultConfigurationName = Release;
		};
		95CC40D718E3CE27001D1812 /* Build configuration list for PBXNativeTarget "TwitterClientTests" */ = {
			isa = XCConfigurationList;
			buildConfigurations = (
				95CC40D818E3CE27001D1812 /* Debug */,
				95CC40D918E3CE27001D1812 /* Release */,
			);
			defaultConfigurationIsVisible = 0;
			defaultConfigurationName = Release;
		};
/* End XCConfigurationList section */
	};
	rootObject = 95CC40A018E3CE27001D1812 /* Project object */;
}
